{
  "name": "mlsh",
  "version": "1.0.0",
  "lockfileVersion": 3,
  "requires": true,
  "packages": {
    "": {
      "name": "mlsh",
      "version": "1.0.0",
      "license": "ISC",
      "bin": {
        "mlsh": "bin/mlsh"
      },
      "engines": {
        "node": ">=14.0.0"
      }
    },
    "../mlsh-core": {
      "version": "1.0.0",
      "extraneous": true,
      "license": "ISC",
      "bin": {
        "mlsh-package": "bin/package.js",
        "mlsh-scaffold": "bin/scaffold.sh"
      }
    },
    "../mlsh-plugin-corb": {
      "version": "1.0.1",
      "extraneous": true,
      "license": "ISC"
    },
    "../mlsh-plugin-modules": {
      "version": "1.0.0",
      "extraneous": true,
      "license": "ISC"
    },
    "../mlsh-plugin-qconsole": {
      "version": "1.0.0",
      "extraneous": true,
      "license": "ISC"
    }
  }
}
